// !$*UTF8*$!
{
	archiveVersion = 1;
	classes = {
	};
	objectVersion = 46;
	objects = {

/* Begin PBXBuildFile section */
		FACF32501B5A2FA6003BBC12 /* AppDelegate.swift in Sources */ = {isa = PBXBuildFile; fileRef = FACF324F1B5A2FA6003BBC12 /* AppDelegate.swift */; };
		FACF32521B5A2FA6003BBC12 /* MasterViewController.swift in Sources */ = {isa = PBXBuildFile; fileRef = FACF32511B5A2FA6003BBC12 /* MasterViewController.swift */; };
		FACF32541B5A2FA6003BBC12 /* DetailViewController.swift in Sources */ = {isa = PBXBuildFile; fileRef = FACF32531B5A2FA6003BBC12 /* DetailViewController.swift */; };
		FACF32571B5A2FA6003BBC12 /* Main.storyboard in Resources */ = {isa = PBXBuildFile; fileRef = FACF32551B5A2FA6003BBC12 /* Main.storyboard */; };
		FACF32591B5A2FA6003BBC12 /* Images.xcassets in Resources */ = {isa = PBXBuildFile; fileRef = FACF32581B5A2FA6003BBC12 /* Images.xcassets */; };
		FACF325C1B5A2FA6003BBC12 /* LaunchScreen.xib in Resources */ = {isa = PBXBuildFile; fileRef = FACF325A1B5A2FA6003BBC12 /* LaunchScreen.xib */; };
		FACF32681B5A2FA6003BBC12 /* gradleIosTests.swift in Sources */ = {isa = PBXBuildFile; fileRef = FACF32671B5A2FA6003BBC12 /* gradleIosTests.swift */; };
/* End PBXBuildFile section */

/* Begin PBXContainerItemProxy section */
		FACF32621B5A2FA6003BBC12 /* PBXContainerItemProxy */ = {
			isa = PBXContainerItemProxy;
			containerPortal = FACF32421B5A2FA6003BBC12 /* Project object */;
			proxyType = 1;
			remoteGlobalIDString = FACF32491B5A2FA6003BBC12;
			remoteInfo = gradleIos;
		};
/* End PBXContainerItemProxy section */

/* Begin PBXFileReference section */
		A2EBEAD9B3EA656810D96A8E /* Pods-gradleIos.debug.xcconfig */ = {isa = PBXFileReference; includeInIndex = 1; lastKnownFileType = text.xcconfig; name = "Pods-gradleIos.debug.xcconfig"; path = "Pods/Target Support Files/Pods-gradleIos/Pods-gradleIos.debug.xcconfig"; sourceTree = "<group>"; };
		B0ED193E1C9A89CE91FD915E /* Pods-gradleIos.release.xcconfig */ = {isa = PBXFileReference; includeInIndex = 1; lastKnownFileType = text.xcconfig; name = "Pods-gradleIos.release.xcconfig"; path = "Pods/Target Support Files/Pods-gradleIos/Pods-gradleIos.release.xcconfig"; sourceTree = "<group>"; };
		FACF324A1B5A2FA6003BBC12 /* gradleIos.app */ = {isa = PBXFileReference; explicitFileType = wrapper.application; includeInIndex = 0; path = gradleIos.app; sourceTree = BUILT_PRODUCTS_DIR; };
		FACF324E1B5A2FA6003BBC12 /* Info.plist */ = {isa = PBXFileReference; lastKnownFileType = text.plist.xml; path = Info.plist; sourceTree = "<group>"; };
		FACF324F1B5A2FA6003BBC12 /* AppDelegate.swift */ = {isa = PBXFileReference; lastKnownFileType = sourcecode.swift; path = AppDelegate.swift; sourceTree = "<group>"; };
		FACF32511B5A2FA6003BBC12 /* MasterViewController.swift */ = {isa = PBXFileReference; lastKnownFileType = sourcecode.swift; path = MasterViewController.swift; sourceTree = "<group>"; };
		FACF32531B5A2FA6003BBC12 /* DetailViewController.swift */ = {isa = PBXFileReference; lastKnownFileType = sourcecode.swift; path = DetailViewController.swift; sourceTree = "<group>"; };
		FACF32561B5A2FA6003BBC12 /* Base */ = {isa = PBXFileReference; lastKnownFileType = file.storyboard; name = Base; path = Base.lproj/Main.storyboard; sourceTree = "<group>"; };
		FACF32581B5A2FA6003BBC12 /* Images.xcassets */ = {isa = PBXFileReference; lastKnownFileType = folder.assetcatalog; path = Images.xcassets; sourceTree = "<group>"; };
		FACF325B1B5A2FA6003BBC12 /* Base */ = {isa = PBXFileReference; lastKnownFileType = file.xib; name = Base; path = Base.lproj/LaunchScreen.xib; sourceTree = "<group>"; };
		FACF32611B5A2FA6003BBC12 /* gradleIosTests.xctest */ = {isa = PBXFileReference; explicitFileType = wrapper.cfbundle; includeInIndex = 0; path = gradleIosTests.xctest; sourceTree = BUILT_PRODUCTS_DIR; };
		FACF32661B5A2FA6003BBC12 /* Info.plist */ = {isa = PBXFileReference; lastKnownFileType = text.plist.xml; path = Info.plist; sourceTree = "<group>"; };
		FACF32671B5A2FA6003BBC12 /* gradleIosTests.swift */ = {isa = PBXFileReference; lastKnownFileType = sourcecode.swift; path = gradleIosTests.swift; sourceTree = "<group>"; };
/* End PBXFileReference section */

/* Begin PBXFrameworksBuildPhase section */
		FACF32471B5A2FA6003BBC12 /* Frameworks */ = {
			isa = PBXFrameworksBuildPhase;
			buildActionMask = 2147483647;
			files = (
			);
			runOnlyForDeploymentPostprocessing = 0;
		};
		FACF325E1B5A2FA6003BBC12 /* Frameworks */ = {
			isa = PBXFrameworksBuildPhase;
			buildActionMask = 2147483647;
			files = (
			);
			runOnlyForDeploymentPostprocessing = 0;
		};
/* End PBXFrameworksBuildPhase section */

/* Begin PBXGroup section */
		146661972893861090E39933 /* Pods */ = {
			isa = PBXGroup;
			children = (
				A2EBEAD9B3EA656810D96A8E /* Pods-gradleIos.debug.xcconfig */,
				B0ED193E1C9A89CE91FD915E /* Pods-gradleIos.release.xcconfig */,
			);
			name = Pods;
			sourceTree = "<group>";
		};
		2751FBAB3CFCCCB69F191E68 /* Frameworks */ = {
			isa = PBXGroup;
			children = (
			);
			name = Frameworks;
			sourceTree = "<group>";
		};
		FACF32411B5A2FA6003BBC12 = {
			isa = PBXGroup;
			children = (
				FACF324C1B5A2FA6003BBC12 /* gradleIos */,
				FACF32641B5A2FA6003BBC12 /* gradleIosTests */,
				FACF324B1B5A2FA6003BBC12 /* Products */,
				146661972893861090E39933 /* Pods */,
				2751FBAB3CFCCCB69F191E68 /* Frameworks */,
			);
			sourceTree = "<group>";
		};
		FACF324B1B5A2FA6003BBC12 /* Products */ = {
			isa = PBXGroup;
			children = (
				FACF324A1B5A2FA6003BBC12 /* gradleIos.app */,
				FACF32611B5A2FA6003BBC12 /* gradleIosTests.xctest */,
			);
			name = Products;
			sourceTree = "<group>";
		};
		FACF324C1B5A2FA6003BBC12 /* gradleIos */ = {
			isa = PBXGroup;
			children = (
				FACF324F1B5A2FA6003BBC12 /* AppDelegate.swift */,
				FACF32511B5A2FA6003BBC12 /* MasterViewController.swift */,
				FACF32531B5A2FA6003BBC12 /* DetailViewController.swift */,
				FACF32551B5A2FA6003BBC12 /* Main.storyboard */,
				FACF32581B5A2FA6003BBC12 /* Images.xcassets */,
				FACF325A1B5A2FA6003BBC12 /* LaunchScreen.xib */,
				FACF324D1B5A2FA6003BBC12 /* Supporting Files */,
			);
			path = gradleIos;
			sourceTree = "<group>";
		};
		FACF324D1B5A2FA6003BBC12 /* Supporting Files */ = {
			isa = PBXGroup;
			children = (
				FACF324E1B5A2FA6003BBC12 /* Info.plist */,
			);
			name = "Supporting Files";
			sourceTree = "<group>";
		};
		FACF32641B5A2FA6003BBC12 /* gradleIosTests */ = {
			isa = PBXGroup;
			children = (
				FACF32671B5A2FA6003BBC12 /* gradleIosTests.swift */,
				FACF32651B5A2FA6003BBC12 /* Supporting Files */,
			);
			path = gradleIosTests;
			sourceTree = "<group>";
		};
		FACF32651B5A2FA6003BBC12 /* Supporting Files */ = {
			isa = PBXGroup;
			children = (
				FACF32661B5A2FA6003BBC12 /* Info.plist */,
			);
			name = "Supporting Files";
			sourceTree = "<group>";
		};
/* End PBXGroup section */

/* Begin PBXNativeTarget section */
		FACF32491B5A2FA6003BBC12 /* gradleIos */ = {
			isa = PBXNativeTarget;
			buildConfigurationList = FACF326B1B5A2FA6003BBC12 /* Build configuration list for PBXNativeTarget "gradleIos" */;
			buildPhases = (
				ED3F6C3B6F7DB53C1A8A95D5 /* Check Pods Manifest.lock */,
				FACF32461B5A2FA6003BBC12 /* Sources */,
				FACF32471B5A2FA6003BBC12 /* Frameworks */,
				FACF32481B5A2FA6003BBC12 /* Resources */,
				A0CECA0ABEC5211BE9FEDD11 /* Copy Pods Resources */,
			);
			buildRules = (
			);
			dependencies = (
			);
			name = gradleIos;
			productName = gradleIos;
			productReference = FACF324A1B5A2FA6003BBC12 /* gradleIos.app */;
			productType = "com.apple.product-type.application";
		};
		FACF32601B5A2FA6003BBC12 /* gradleIosTests */ = {
			isa = PBXNativeTarget;
			buildConfigurationList = FACF326E1B5A2FA6003BBC12 /* Build configuration list for PBXNativeTarget "gradleIosTests" */;
			buildPhases = (
				FACF325D1B5A2FA6003BBC12 /* Sources */,
				FACF325E1B5A2FA6003BBC12 /* Frameworks */,
				FACF325F1B5A2FA6003BBC12 /* Resources */,
			);
			buildRules = (
			);
			dependencies = (
				FACF32631B5A2FA6003BBC12 /* PBXTargetDependency */,
			);
			name = gradleIosTests;
			productName = gradleIosTests;
			productReference = FACF32611B5A2FA6003BBC12 /* gradleIosTests.xctest */;
			productType = "com.apple.product-type.bundle.unit-test";
		};
/* End PBXNativeTarget section */

/* Begin PBXProject section */
		FACF32421B5A2FA6003BBC12 /* Project object */ = {
			isa = PBXProject;
			attributes = {
				LastUpgradeCheck = 0640;
				ORGANIZATIONNAME = metcalfe;
				TargetAttributes = {
					FACF32491B5A2FA6003BBC12 = {
						CreatedOnToolsVersion = 6.4;
					};
					FACF32601B5A2FA6003BBC12 = {
						CreatedOnToolsVersion = 6.4;
						TestTargetID = FACF32491B5A2FA6003BBC12;
					};
				};
			};
			buildConfigurationList = FACF32451B5A2FA6003BBC12 /* Build configuration list for PBXProject "gradleIos" */;
			compatibilityVersion = "Xcode 3.2";
			developmentRegion = English;
			hasScannedForEncodings = 0;
			knownRegions = (
				en,
				Base,
			);
			mainGroup = FACF32411B5A2FA6003BBC12;
			productRefGroup = FACF324B1B5A2FA6003BBC12 /* Products */;
			projectDirPath = "";
			projectRoot = "";
			targets = (
				FACF32491B5A2FA6003BBC12 /* gradleIos */,
				FACF32601B5A2FA6003BBC12 /* gradleIosTests */,
			);
		};
/* End PBXProject section */

/* Begin PBXResourcesBuildPhase section */
		FACF32481B5A2FA6003BBC12 /* Resources */ = {
			isa = PBXResourcesBuildPhase;
			buildActionMask = 2147483647;
			files = (
				FACF32571B5A2FA6003BBC12 /* Main.storyboard in Resources */,
				FACF325C1B5A2FA6003BBC12 /* LaunchScreen.xib in Resources */,
				FACF32591B5A2FA6003BBC12 /* Images.xcassets in Resources */,
			);
			runOnlyForDeploymentPostprocessing = 0;
		};
		FACF325F1B5A2FA6003BBC12 /* Resources */ = {
			isa = PBXResourcesBuildPhase;
			buildActionMask = 2147483647;
			files = (
			);
			runOnlyForDeploymentPostprocessing = 0;
		};
/* End PBXResourcesBuildPhase section */

/* Begin PBXShellScriptBuildPhase section */
		A0CECA0ABEC5211BE9FEDD11 /* Copy Pods Resources */ = {
			isa = PBXShellScriptBuildPhase;
			buildActionMask = 2147483647;
			files = (
			);
			inputPaths = (
			);
			name = "Copy Pods Resources";
			outputPaths = (
			);
			runOnlyForDeploymentPostprocessing = 0;
			shellPath = /bin/sh;
			shellScript = "\"${SRCROOT}/Pods/Target Support Files/Pods-gradleIos/Pods-gradleIos-resources.sh\"\n";
			showEnvVarsInLog = 0;
		};
		ED3F6C3B6F7DB53C1A8A95D5 /* Check Pods Manifest.lock */ = {
			isa = PBXShellScriptBuildPhase;
			buildActionMask = 2147483647;
			files = (
			);
			inputPaths = (
			);
			name = "Check Pods Manifest.lock";
			outputPaths = (
			);
			runOnlyForDeploymentPostprocessing = 0;
			shellPath = /bin/sh;
			shellScript = "diff \"${PODS_ROOT}/../Podfile.lock\" \"${PODS_ROOT}/Manifest.lock\" > /dev/null\nif [[ $? != 0 ]] ; then\n    cat << EOM\nerror: The sandbox is not in sync with the Podfile.lock. Run 'pod install' or update your CocoaPods installation.\nEOM\n    exit 1\nfi\n";
			showEnvVarsInLog = 0;
		};
/* End PBXShellScriptBuildPhase section */

/* Begin PBXSourcesBuildPhase section */
		FACF32461B5A2FA6003BBC12 /* Sources */ = {
			isa = PBXSourcesBuildPhase;
			buildActionMask = 2147483647;
			files = (
				FACF32541B5A2FA6003BBC12 /* DetailViewController.swift in Sources */,
				FACF32521B5A2FA6003BBC12 /* MasterViewController.swift in Sources */,
				FACF32501B5A2FA6003BBC12 /* AppDelegate.swift in Sources */,
			);
			runOnlyForDeploymentPostprocessing = 0;
		};
		FACF325D1B5A2FA6003BBC12 /* Sources */ = {
			isa = PBXSourcesBuildPhase;
			buildActionMask = 2147483647;
			files = (
				FACF32681B5A2FA6003BBC12 /* gradleIosTests.swift in Sources */,
			);
			runOnlyForDeploymentPostprocessing = 0;
		};
/* End PBXSourcesBuildPhase section */

/* Begin PBXTargetDependency section */
		FACF32631B5A2FA6003BBC12 /* PBXTargetDependency */ = {
			isa = PBXTargetDependency;
			target = FACF32491B5A2FA6003BBC12 /* gradleIos */;
			targetProxy = FACF32621B5A2FA6003BBC12 /* PBXContainerItemProxy */;
		};
/* End PBXTargetDependency section */

/* Begin PBXVariantGroup section */
		FACF32551B5A2FA6003BBC12 /* Main.storyboard */ = {
			isa = PBXVariantGroup;
			children = (
				FACF32561B5A2FA6003BBC12 /* Base */,
			);
			name = Main.storyboard;
			sourceTree = "<group>";
		};
		FACF325A1B5A2FA6003BBC12 /* LaunchScreen.xib */ = {
			isa = PBXVariantGroup;
			children = (
				FACF325B1B5A2FA6003BBC12 /* Base */,
			);
			name = LaunchScreen.xib;
			sourceTree = "<group>";
		};
/* End PBXVariantGroup section */

/* Begin XCBuildConfiguration section */
		FACF32691B5A2FA6003BBC12 /* Debug */ = {
			isa = XCBuildConfiguration;
			buildSettings = {
				ALWAYS_SEARCH_USER_PATHS = NO;
				CLANG_CXX_LANGUAGE_STANDARD = "gnu++0x";
				CLANG_CXX_LIBRARY = "libc++";
				CLANG_ENABLE_MODULES = YES;
				CLANG_ENABLE_OBJC_ARC = YES;
				CLANG_WARN_BOOL_CONVERSION = YES;
				CLANG_WARN_CONSTANT_CONVERSION = YES;
				CLANG_WARN_DIRECT_OBJC_ISA_USAGE = YES_ERROR;
				CLANG_WARN_EMPTY_BODY = YES;
				CLANG_WARN_ENUM_CONVERSION = YES;
				CLANG_WARN_INT_CONVERSION = YES;
				CLANG_WARN_OBJC_ROOT_CLASS = YES_ERROR;
				CLANG_WARN_UNREACHABLE_CODE = YES;
				CLANG_WARN__DUPLICATE_METHOD_MATCH = YES;
				"CODE_SIGN_IDENTITY[sdk=iphoneos*]" = "iPhone Developer";
				COPY_PHASE_STRIP = NO;
				DEBUG_INFORMATION_FORMAT = "dwarf-with-dsym";
				ENABLE_STRICT_OBJC_MSGSEND = YES;
				GCC_C_LANGUAGE_STANDARD = gnu99;
				GCC_DYNAMIC_NO_PIC = NO;
				GCC_NO_COMMON_BLOCKS = YES;
				GCC_OPTIMIZATION_LEVEL = 0;
				GCC_PREPROCESSOR_DEFINITIONS = (
					"DEBUG=1",
					"$(inherited)",
				);
				GCC_SYMBOLS_PRIVATE_EXTERN = NO;
				GCC_WARN_64_TO_32_BIT_CONVERSION = YES;
				GCC_WARN_ABOUT_RETURN_TYPE = YES_ERROR;
				GCC_WARN_UNDECLARED_SELECTOR = YES;
				GCC_WARN_UNINITIALIZED_AUTOS = YES_AGGRESSIVE;
				GCC_WARN_UNUSED_FUNCTION = YES;
				GCC_WARN_UNUSED_VARIABLE = YES;
				IPHONEOS_DEPLOYMENT_TARGET = 8.4;
				MTL_ENABLE_DEBUG_INFO = YES;
				ONLY_ACTIVE_ARCH = YES;
				SDKROOT = iphoneos;
				SWIFT_OPTIMIZATION_LEVEL = "-Onone";
				TARGETED_DEVICE_FAMILY = "1,2";
			};
			name = Debug;
		};
		FACF326A1B5A2FA6003BBC12 /* Release */ = {
			isa = XCBuildConfiguration;
			buildSettings = {
				ALWAYS_SEARCH_USER_PATHS = NO;
				CLANG_CXX_LANGUAGE_STANDARD = "gnu++0x";
				CLANG_CXX_LIBRARY = "libc++";
				CLANG_ENABLE_MODULES = YES;
				CLANG_ENABLE_OBJC_ARC = YES;
				CLANG_WARN_BOOL_CONVERSION = YES;
				CLANG_WARN_CONSTANT_CONVERSION = YES;
				CLANG_WARN_DIRECT_OBJC_ISA_USAGE = YES_ERROR;
				CLANG_WARN_EMPTY_BODY = YES;
				CLANG_WARN_ENUM_CONVERSION = YES;
				CLANG_WARN_INT_CONVERSION = YES;
				CLANG_WARN_OBJC_ROOT_CLASS = YES_ERROR;
				CLANG_WARN_UNREACHABLE_CODE = YES;
				CLANG_WARN__DUPLICATE_METHOD_MATCH = YES;
				"CODE_SIGN_IDENTITY[sdk=iphoneos*]" = "iPhone Developer";
				COPY_PHASE_STRIP = NO;
				DEBUG_INFORMATION_FORMAT = "dwarf-with-dsym";
				ENABLE_NS_ASSERTIONS = NO;
				ENABLE_STRICT_OBJC_MSGSEND = YES;
				GCC_C_LANGUAGE_STANDARD = gnu99;
				GCC_NO_COMMON_BLOCKS = YES;
				GCC_WARN_64_TO_32_BIT_CONVERSION = YES;
				GCC_WARN_ABOUT_RETURN_TYPE = YES_ERROR;
				GCC_WARN_UNDECLARED_SELECTOR = YES;
				GCC_WARN_UNINITIALIZED_AUTOS = YES_AGGRESSIVE;
				GCC_WARN_UNUSED_FUNCTION = YES;
				GCC_WARN_UNUSED_VARIABLE = YES;
				IPHONEOS_DEPLOYMENT_TARGET = 8.4;
				MTL_ENABLE_DEBUG_INFO = NO;
				SDKROOT = iphoneos;
				TARGETED_DEVICE_FAMILY = "1,2";
				VALIDATE_PRODUCT = YES;
			};
			name = Release;
		};
		FACF326C1B5A2FA6003BBC12 /* Debug */ = {
			isa = XCBuildConfiguration;
			baseConfigurationReference = A2EBEAD9B3EA656810D96A8E /* Pods-gradleIos.debug.xcconfig */;
			buildSettings = {
				ASSETCATALOG_COMPILER_APPICON_NAME = AppIcon;
				INFOPLIST_FILE = gradleIos/Info.plist;
				LD_RUNPATH_SEARCH_PATHS = "$(inherited) @executable_path/Frameworks";
				PRODUCT_NAME = "$(TARGET_NAME)";
			};
			name = Debug;
		};
		FACF326D1B5A2FA6003BBC12 /* Release */ = {
			isa = XCBuildConfiguration;
			baseConfigurationReference = B0ED193E1C9A89CE91FD915E /* Pods-gradleIos.release.xcconfig */;
			buildSettings = {
				ASSETCATALOG_COMPILER_APPICON_NAME = AppIcon;
				INFOPLIST_FILE = gradleIos/Info.plist;
				LD_RUNPATH_SEARCH_PATHS = "$(inherited) @executable_path/Frameworks";
				PRODUCT_NAME = "$(TARGET_NAME)";
			};
			name = Release;
		};
		FACF326F1B5A2FA6003BBC12 /* Debug */ = {
			isa = XCBuildConfiguration;
			buildSettings = {
				BUNDLE_LOADER = "$(TEST_HOST)";
				FRAMEWORK_SEARCH_PATHS = (
					"$(SDKROOT)/Developer/Library/Frameworks",
					"$(inherited)",
				);
				GCC_PREPROCESSOR_DEFINITIONS = (
					"DEBUG=1",
					"$(inherited)",
				);
				INFOPLIST_FILE = gradleIosTests/Info.plist;
				LD_RUNPATH_SEARCH_PATHS = "$(inherited) @executable_path/Frameworks @loader_path/Frameworks";
				PRODUCT_NAME = "$(TARGET_NAME)";
				TEST_HOST = "$(BUILT_PRODUCTS_DIR)/gradleIos.app/gradleIos";
			};
			name = Debug;
		};
		FACF32701B5A2FA6003BBC12 /* Release */ = {
			isa = XCBuildConfiguration;
			buildSettings = {
				BUNDLE_LOADER = "$(TEST_HOST)";
				FRAMEWORK_SEARCH_PATHS = (
					"$(SDKROOT)/Developer/Library/Frameworks",
					"$(inherited)",
				);
				INFOPLIST_FILE = gradleIosTests/Info.plist;
				LD_RUNPATH_SEARCH_PATHS = "$(inherited) @executable_path/Frameworks @loader_path/Frameworks";
				PRODUCT_NAME = "$(TARGET_NAME)";
				TEST_HOST = "$(BUILT_PRODUCTS_DIR)/gradleIos.app/gradleIos";
			};
			name = Release;
		};
/* End XCBuildConfiguration section */

/* Begin XCConfigurationList section */
		FACF32451B5A2FA6003BBC12 /* Build configuration list for PBXProject "gradleIos" */ = {
			isa = XCConfigurationList;
			buildConfigurations = (
				FACF32691B5A2FA6003BBC12 /* Debug */,
				FACF326A1B5A2FA6003BBC12 /* Release */,
			);
			defaultConfigurationIsVisible = 0;
			defaultConfigurationName = Release;
		};
		FACF326B1B5A2FA6003BBC12 /* Build configuration list for PBXNativeTarget "gradleIos" */ = {
			isa = XCConfigurationList;
			buildConfigurations = (
				FACF326C1B5A2FA6003BBC12 /* Debug */,
				FACF326D1B5A2FA6003BBC12 /* Release */,
			);
			defaultConfigurationIsVisible = 0;
			defaultConfigurationName = Release;
		};
		FACF326E1B5A2FA6003BBC12 /* Build configuration list for PBXNativeTarget "gradleIosTests" */ = {
			isa = XCConfigurationList;
			buildConfigurations = (
				FACF326F1B5A2FA6003BBC12 /* Debug */,
				FACF32701B5A2FA6003BBC12 /* Release */,
			);
			defaultConfigurationIsVisible = 0;
			defaultConfigurationName = Release;
		};
/* End XCConfigurationList section */
	};
	rootObject = FACF32421B5A2FA6003BBC12 /* Project object */;
}
