// !$*UTF8*$!
{
	archiveVersion = 1;
	classes = {
	};
	objectVersion = 46;
	objects = {

/* Begin PBXBuildFile section */
		FA2960011B520FDC00EE68B9 /* Contributor.java in Sources */ = {isa = PBXBuildFile; fileRef = FA2960001B520FDC00EE68B9 /* Contributor.java */; };
		FA2960051B52169700EE68B9 /* ContributorMapper.java in Sources */ = {isa = PBXBuildFile; fileRef = FA2960021B52169700EE68B9 /* ContributorMapper.java */; };
		FA2960061B52169700EE68B9 /* HttpClient.java in Sources */ = {isa = PBXBuildFile; fileRef = FA2960031B52169700EE68B9 /* HttpClient.java */; };
		FA2960071B52169700EE68B9 /* SimpleHttpClient.java in Sources */ = {isa = PBXBuildFile; fileRef = FA2960041B52169700EE68B9 /* SimpleHttpClient.java */; };
		FA3937621B51311600DCCDF1 /* AppDelegate.swift in Sources */ = {isa = PBXBuildFile; fileRef = FA3937611B51311600DCCDF1 /* AppDelegate.swift */; };
		FA3937641B51311600DCCDF1 /* MasterViewController.swift in Sources */ = {isa = PBXBuildFile; fileRef = FA3937631B51311600DCCDF1 /* MasterViewController.swift */; };
		FA3937661B51311600DCCDF1 /* DetailViewController.swift in Sources */ = {isa = PBXBuildFile; fileRef = FA3937651B51311600DCCDF1 /* DetailViewController.swift */; };
		FA3937691B51311600DCCDF1 /* Main.storyboard in Resources */ = {isa = PBXBuildFile; fileRef = FA3937671B51311600DCCDF1 /* Main.storyboard */; };
		FA39376B1B51311600DCCDF1 /* Images.xcassets in Resources */ = {isa = PBXBuildFile; fileRef = FA39376A1B51311600DCCDF1 /* Images.xcassets */; };
		FA39376E1B51311600DCCDF1 /* LaunchScreen.xib in Resources */ = {isa = PBXBuildFile; fileRef = FA39376C1B51311600DCCDF1 /* LaunchScreen.xib */; };
		FA39377A1B51311600DCCDF1 /* iosAppTests.swift in Sources */ = {isa = PBXBuildFile; fileRef = FA3937791B51311600DCCDF1 /* iosAppTests.swift */; };
		FA6D6DA91B527E21006F7E97 /* rxjava-1.0.12-sources.jar in Frameworks */ = {isa = PBXBuildFile; fileRef = FA6D6DA81B527E21006F7E97 /* rxjava-1.0.12-sources.jar */; };
		FA8CF74A1B515A1A00C43F60 /* Security.framework in Frameworks */ = {isa = PBXBuildFile; fileRef = FA8CF7491B515A1A00C43F60 /* Security.framework */; };
		FA8CF74C1B515A2500C43F60 /* libz.dylib in Frameworks */ = {isa = PBXBuildFile; fileRef = FA8CF74B1B515A2500C43F60 /* libz.dylib */; };
		FA8CF74E1B515A3100C43F60 /* libicucore.dylib in Frameworks */ = {isa = PBXBuildFile; fileRef = FA8CF74D1B515A3100C43F60 /* libicucore.dylib */; };
		FA94DBBC1B520AFD005BF6D7 /* GitHubService.java in Sources */ = {isa = PBXBuildFile; fileRef = FA94DBBA1B520AFD005BF6D7 /* GitHubService.java */; };
		FA94DBBD1B520AFD005BF6D7 /* GitHubServiceImpl.java in Sources */ = {isa = PBXBuildFile; fileRef = FA94DBBB1B520AFD005BF6D7 /* GitHubServiceImpl.java */; };
/* End PBXBuildFile section */

/* Begin PBXBuildRule section */
		FA8CF7481B51593A00C43F60 /* PBXBuildRule */ = {
			isa = PBXBuildRule;
			compilerSpec = com.apple.compilers.proxy.script;
			fileType = sourcecode.java;
			isEditable = 1;
			outputFiles = (
				"${DERIVED_FILES_DIR}/${INPUT_FILE_BASE}.h",
				"${DERIVED_FILES_DIR}/${INPUT_FILE_BASE}.m",
			);
			script = "cd ../shared\nmake";
		};
/* End PBXBuildRule section */

/* Begin PBXContainerItemProxy section */
		FA3937741B51311600DCCDF1 /* PBXContainerItemProxy */ = {
			isa = PBXContainerItemProxy;
			containerPortal = FA3937541B51311600DCCDF1 /* Project object */;
			proxyType = 1;
			remoteGlobalIDString = FA39375B1B51311600DCCDF1;
			remoteInfo = iosApp;
		};
/* End PBXContainerItemProxy section */

/* Begin PBXFileReference section */
		FA2960001B520FDC00EE68B9 /* Contributor.java */ = {isa = PBXFileReference; fileEncoding = 4; lastKnownFileType = sourcecode.java; name = Contributor.java; path = ../shared/src/main/java/com/metcalfe/model/Contributor.java; sourceTree = "<group>"; };
		FA2960021B52169700EE68B9 /* ContributorMapper.java */ = {isa = PBXFileReference; fileEncoding = 4; lastKnownFileType = sourcecode.java; name = ContributorMapper.java; path = ../shared/src/main/java/com/metcalfe/service/ContributorMapper.java; sourceTree = "<group>"; };
		FA2960031B52169700EE68B9 /* HttpClient.java */ = {isa = PBXFileReference; fileEncoding = 4; lastKnownFileType = sourcecode.java; name = HttpClient.java; path = ../shared/src/main/java/com/metcalfe/service/HttpClient.java; sourceTree = "<group>"; };
		FA2960041B52169700EE68B9 /* SimpleHttpClient.java */ = {isa = PBXFileReference; fileEncoding = 4; lastKnownFileType = sourcecode.java; name = SimpleHttpClient.java; path = ../shared/src/main/java/com/metcalfe/service/SimpleHttpClient.java; sourceTree = "<group>"; };
		FA2960081B521CCF00EE68B9 /* iosApp-Bridging-Header.h */ = {isa = PBXFileReference; fileEncoding = 4; lastKnownFileType = sourcecode.c.h; path = "iosApp-Bridging-Header.h"; sourceTree = "<group>"; };
		FA39375C1B51311600DCCDF1 /* iosApp.app */ = {isa = PBXFileReference; explicitFileType = wrapper.application; includeInIndex = 0; path = iosApp.app; sourceTree = BUILT_PRODUCTS_DIR; };
		FA3937601B51311600DCCDF1 /* Info.plist */ = {isa = PBXFileReference; lastKnownFileType = text.plist.xml; path = Info.plist; sourceTree = "<group>"; };
		FA3937611B51311600DCCDF1 /* AppDelegate.swift */ = {isa = PBXFileReference; lastKnownFileType = sourcecode.swift; path = AppDelegate.swift; sourceTree = "<group>"; };
		FA3937631B51311600DCCDF1 /* MasterViewController.swift */ = {isa = PBXFileReference; lastKnownFileType = sourcecode.swift; path = MasterViewController.swift; sourceTree = "<group>"; };
		FA3937651B51311600DCCDF1 /* DetailViewController.swift */ = {isa = PBXFileReference; lastKnownFileType = sourcecode.swift; path = DetailViewController.swift; sourceTree = "<group>"; };
		FA3937681B51311600DCCDF1 /* Base */ = {isa = PBXFileReference; lastKnownFileType = file.storyboard; name = Base; path = Base.lproj/Main.storyboard; sourceTree = "<group>"; };
		FA39376A1B51311600DCCDF1 /* Images.xcassets */ = {isa = PBXFileReference; lastKnownFileType = folder.assetcatalog; path = Images.xcassets; sourceTree = "<group>"; };
		FA39376D1B51311600DCCDF1 /* Base */ = {isa = PBXFileReference; lastKnownFileType = file.xib; name = Base; path = Base.lproj/LaunchScreen.xib; sourceTree = "<group>"; };
		FA3937731B51311600DCCDF1 /* iosAppTests.xctest */ = {isa = PBXFileReference; explicitFileType = wrapper.cfbundle; includeInIndex = 0; path = iosAppTests.xctest; sourceTree = BUILT_PRODUCTS_DIR; };
		FA3937781B51311600DCCDF1 /* Info.plist */ = {isa = PBXFileReference; lastKnownFileType = text.plist.xml; path = Info.plist; sourceTree = "<group>"; };
		FA3937791B51311600DCCDF1 /* iosAppTests.swift */ = {isa = PBXFileReference; lastKnownFileType = sourcecode.swift; path = iosAppTests.swift; sourceTree = "<group>"; };
		FA6D6DA81B527E21006F7E97 /* rxjava-1.0.12-sources.jar */ = {isa = PBXFileReference; lastKnownFileType = archive.jar; name = "rxjava-1.0.12-sources.jar"; path = "../shared/libs/rxjava-1.0.12-sources.jar"; sourceTree = "<group>"; };
		FA8CF7491B515A1A00C43F60 /* Security.framework */ = {isa = PBXFileReference; lastKnownFileType = wrapper.framework; name = Security.framework; path = System/Library/Frameworks/Security.framework; sourceTree = SDKROOT; };
		FA8CF74B1B515A2500C43F60 /* libz.dylib */ = {isa = PBXFileReference; lastKnownFileType = "compiled.mach-o.dylib"; name = libz.dylib; path = usr/lib/libz.dylib; sourceTree = SDKROOT; };
		FA8CF74D1B515A3100C43F60 /* libicucore.dylib */ = {isa = PBXFileReference; lastKnownFileType = "compiled.mach-o.dylib"; name = libicucore.dylib; path = usr/lib/libicucore.dylib; sourceTree = SDKROOT; };
		FA94DBBA1B520AFD005BF6D7 /* GitHubService.java */ = {isa = PBXFileReference; fileEncoding = 4; lastKnownFileType = sourcecode.java; name = GitHubService.java; path = ../shared/src/main/java/com/metcalfe/service/GitHubService.java; sourceTree = "<group>"; };
		FA94DBBB1B520AFD005BF6D7 /* GitHubServiceImpl.java */ = {isa = PBXFileReference; fileEncoding = 4; lastKnownFileType = sourcecode.java; name = GitHubServiceImpl.java; path = ../shared/src/main/java/com/metcalfe/service/GitHubServiceImpl.java; sourceTree = "<group>"; };
/* End PBXFileReference section */

/* Begin PBXFrameworksBuildPhase section */
		FA3937591B51311600DCCDF1 /* Frameworks */ = {
			isa = PBXFrameworksBuildPhase;
			buildActionMask = 2147483647;
			files = (
				FA8CF74E1B515A3100C43F60 /* libicucore.dylib in Frameworks */,
				FA8CF74C1B515A2500C43F60 /* libz.dylib in Frameworks */,
				FA6D6DA91B527E21006F7E97 /* rxjava-1.0.12-sources.jar in Frameworks */,
				FA8CF74A1B515A1A00C43F60 /* Security.framework in Frameworks */,
			);
			runOnlyForDeploymentPostprocessing = 0;
		};
		FA3937701B51311600DCCDF1 /* Frameworks */ = {
			isa = PBXFrameworksBuildPhase;
			buildActionMask = 2147483647;
			files = (
			);
			runOnlyForDeploymentPostprocessing = 0;
		};
/* End PBXFrameworksBuildPhase section */

/* Begin PBXGroup section */
		FA3937531B51311600DCCDF1 = {
			isa = PBXGroup;
			children = (
				FA8CF74D1B515A3100C43F60 /* libicucore.dylib */,
				FA8CF74B1B515A2500C43F60 /* libz.dylib */,
				FA8CF7491B515A1A00C43F60 /* Security.framework */,
				FA8CF73F1B5158CC00C43F60 /* shared */,
				FA39375E1B51311600DCCDF1 /* iosApp */,
				FA3937761B51311600DCCDF1 /* iosAppTests */,
				FA39375D1B51311600DCCDF1 /* Products */,
			);
			sourceTree = "<group>";
		};
		FA39375D1B51311600DCCDF1 /* Products */ = {
			isa = PBXGroup;
			children = (
				FA39375C1B51311600DCCDF1 /* iosApp.app */,
				FA3937731B51311600DCCDF1 /* iosAppTests.xctest */,
			);
			name = Products;
			sourceTree = "<group>";
		};
		FA39375E1B51311600DCCDF1 /* iosApp */ = {
			isa = PBXGroup;
			children = (
				FA2960081B521CCF00EE68B9 /* iosApp-Bridging-Header.h */,
				FA3937611B51311600DCCDF1 /* AppDelegate.swift */,
				FA3937631B51311600DCCDF1 /* MasterViewController.swift */,
				FA3937651B51311600DCCDF1 /* DetailViewController.swift */,
				FA3937671B51311600DCCDF1 /* Main.storyboard */,
				FA39376A1B51311600DCCDF1 /* Images.xcassets */,
				FA39376C1B51311600DCCDF1 /* LaunchScreen.xib */,
				FA39375F1B51311600DCCDF1 /* Supporting Files */,
			);
			path = iosApp;
			sourceTree = "<group>";
		};
		FA39375F1B51311600DCCDF1 /* Supporting Files */ = {
			isa = PBXGroup;
			children = (
				FA3937601B51311600DCCDF1 /* Info.plist */,
			);
			name = "Supporting Files";
			sourceTree = "<group>";
		};
		FA3937761B51311600DCCDF1 /* iosAppTests */ = {
			isa = PBXGroup;
			children = (
				FA3937791B51311600DCCDF1 /* iosAppTests.swift */,
				FA3937771B51311600DCCDF1 /* Supporting Files */,
			);
			path = iosAppTests;
			sourceTree = "<group>";
		};
		FA3937771B51311600DCCDF1 /* Supporting Files */ = {
			isa = PBXGroup;
			children = (
				FA3937781B51311600DCCDF1 /* Info.plist */,
			);
			name = "Supporting Files";
			sourceTree = "<group>";
		};
		FA6D6DA71B527E05006F7E97 /* libs */ = {
			isa = PBXGroup;
			children = (
				FA6D6DA81B527E21006F7E97 /* rxjava-1.0.12-sources.jar */,
			);
			name = libs;
			sourceTree = "<group>";
		};
		FA8CF73F1B5158CC00C43F60 /* shared */ = {
			isa = PBXGroup;
			children = (
				FA6D6DA71B527E05006F7E97 /* libs */,
				FA8CF7661B5166CD00C43F60 /* src */,
			);
			name = shared;
			sourceTree = "<group>";
		};
		FA8CF7661B5166CD00C43F60 /* src */ = {
			isa = PBXGroup;
			children = (
				FA8CF7671B5166D400C43F60 /* main */,
			);
			name = src;
			sourceTree = "<group>";
		};
		FA8CF7671B5166D400C43F60 /* main */ = {
			isa = PBXGroup;
			children = (
				FA8CF7681B5166D900C43F60 /* java */,
			);
			name = main;
			sourceTree = "<group>";
		};
		FA8CF7681B5166D900C43F60 /* java */ = {
			isa = PBXGroup;
			children = (
				FA8CF7691B5166E100C43F60 /* com */,
			);
			name = java;
			sourceTree = "<group>";
		};
		FA8CF7691B5166E100C43F60 /* com */ = {
			isa = PBXGroup;
			children = (
				FA8CF76A1B5166E600C43F60 /* metcalfe */,
			);
			name = com;
			sourceTree = "<group>";
		};
		FA8CF76A1B5166E600C43F60 /* metcalfe */ = {
			isa = PBXGroup;
			children = (
				FA8CF76E1B5166FD00C43F60 /* service */,
				FA8CF76B1B5166EB00C43F60 /* model */,
			);
			name = metcalfe;
			sourceTree = "<group>";
		};
		FA8CF76B1B5166EB00C43F60 /* model */ = {
			isa = PBXGroup;
			children = (
				FA2960001B520FDC00EE68B9 /* Contributor.java */,
			);
			name = model;
			sourceTree = "<group>";
		};
		FA8CF76E1B5166FD00C43F60 /* service */ = {
			isa = PBXGroup;
			children = (
				FA2960021B52169700EE68B9 /* ContributorMapper.java */,
				FA2960031B52169700EE68B9 /* HttpClient.java */,
				FA2960041B52169700EE68B9 /* SimpleHttpClient.java */,
				FA94DBBA1B520AFD005BF6D7 /* GitHubService.java */,
				FA94DBBB1B520AFD005BF6D7 /* GitHubServiceImpl.java */,
			);
			name = service;
			sourceTree = "<group>";
		};
/* End PBXGroup section */

/* Begin PBXNativeTarget section */
		FA39375B1B51311600DCCDF1 /* iosApp */ = {
			isa = PBXNativeTarget;
			buildConfigurationList = FA39377D1B51311600DCCDF1 /* Build configuration list for PBXNativeTarget "iosApp" */;
			buildPhases = (
				FA3937581B51311600DCCDF1 /* Sources */,
				FA3937591B51311600DCCDF1 /* Frameworks */,
				FA39375A1B51311600DCCDF1 /* Resources */,
			);
			buildRules = (
				FA8CF7481B51593A00C43F60 /* PBXBuildRule */,
			);
			dependencies = (
			);
			name = iosApp;
			productName = iosApp;
			productReference = FA39375C1B51311600DCCDF1 /* iosApp.app */;
			productType = "com.apple.product-type.application";
		};
		FA3937721B51311600DCCDF1 /* iosAppTests */ = {
			isa = PBXNativeTarget;
			buildConfigurationList = FA3937801B51311600DCCDF1 /* Build configuration list for PBXNativeTarget "iosAppTests" */;
			buildPhases = (
				FA39376F1B51311600DCCDF1 /* Sources */,
				FA3937701B51311600DCCDF1 /* Frameworks */,
				FA3937711B51311600DCCDF1 /* Resources */,
			);
			buildRules = (
			);
			dependencies = (
				FA3937751B51311600DCCDF1 /* PBXTargetDependency */,
			);
			name = iosAppTests;
			productName = iosAppTests;
			productReference = FA3937731B51311600DCCDF1 /* iosAppTests.xctest */;
			productType = "com.apple.product-type.bundle.unit-test";
		};
/* End PBXNativeTarget section */

/* Begin PBXProject section */
		FA3937541B51311600DCCDF1 /* Project object */ = {
			isa = PBXProject;
			attributes = {
				LastUpgradeCheck = 0640;
				ORGANIZATIONNAME = metcalfe;
				TargetAttributes = {
					FA39375B1B51311600DCCDF1 = {
						CreatedOnToolsVersion = 6.4;
					};
					FA3937721B51311600DCCDF1 = {
						CreatedOnToolsVersion = 6.4;
						TestTargetID = FA39375B1B51311600DCCDF1;
					};
				};
			};
			buildConfigurationList = FA3937571B51311600DCCDF1 /* Build configuration list for PBXProject "iosApp" */;
			compatibilityVersion = "Xcode 3.2";
			developmentRegion = English;
			hasScannedForEncodings = 0;
			knownRegions = (
				en,
				Base,
			);
			mainGroup = FA3937531B51311600DCCDF1;
			productRefGroup = FA39375D1B51311600DCCDF1 /* Products */;
			projectDirPath = "";
			projectRoot = "";
			targets = (
				FA39375B1B51311600DCCDF1 /* iosApp */,
				FA3937721B51311600DCCDF1 /* iosAppTests */,
			);
		};
/* End PBXProject section */

/* Begin PBXResourcesBuildPhase section */
		FA39375A1B51311600DCCDF1 /* Resources */ = {
			isa = PBXResourcesBuildPhase;
			buildActionMask = 2147483647;
			files = (
				FA3937691B51311600DCCDF1 /* Main.storyboard in Resources */,
				FA39376E1B51311600DCCDF1 /* LaunchScreen.xib in Resources */,
				FA39376B1B51311600DCCDF1 /* Images.xcassets in Resources */,
			);
			runOnlyForDeploymentPostprocessing = 0;
		};
		FA3937711B51311600DCCDF1 /* Resources */ = {
			isa = PBXResourcesBuildPhase;
			buildActionMask = 2147483647;
			files = (
			);
			runOnlyForDeploymentPostprocessing = 0;
		};
/* End PBXResourcesBuildPhase section */

/* Begin PBXSourcesBuildPhase section */
		FA3937581B51311600DCCDF1 /* Sources */ = {
			isa = PBXSourcesBuildPhase;
			buildActionMask = 2147483647;
			files = (
				FA94DBBC1B520AFD005BF6D7 /* GitHubService.java in Sources */,
				FA3937661B51311600DCCDF1 /* DetailViewController.swift in Sources */,
				FA2960011B520FDC00EE68B9 /* Contributor.java in Sources */,
				FA3937641B51311600DCCDF1 /* MasterViewController.swift in Sources */,
				FA2960051B52169700EE68B9 /* ContributorMapper.java in Sources */,
				FA94DBBD1B520AFD005BF6D7 /* GitHubServiceImpl.java in Sources */,
				FA2960061B52169700EE68B9 /* HttpClient.java in Sources */,
				FA2960071B52169700EE68B9 /* SimpleHttpClient.java in Sources */,
				FA3937621B51311600DCCDF1 /* AppDelegate.swift in Sources */,
			);
			runOnlyForDeploymentPostprocessing = 0;
		};
		FA39376F1B51311600DCCDF1 /* Sources */ = {
			isa = PBXSourcesBuildPhase;
			buildActionMask = 2147483647;
			files = (
				FA39377A1B51311600DCCDF1 /* iosAppTests.swift in Sources */,
			);
			runOnlyForDeploymentPostprocessing = 0;
		};
/* End PBXSourcesBuildPhase section */

/* Begin PBXTargetDependency section */
		FA3937751B51311600DCCDF1 /* PBXTargetDependency */ = {
			isa = PBXTargetDependency;
			target = FA39375B1B51311600DCCDF1 /* iosApp */;
			targetProxy = FA3937741B51311600DCCDF1 /* PBXContainerItemProxy */;
		};
/* End PBXTargetDependency section */

/* Begin PBXVariantGroup section */
		FA3937671B51311600DCCDF1 /* Main.storyboard */ = {
			isa = PBXVariantGroup;
			children = (
				FA3937681B51311600DCCDF1 /* Base */,
			);
			name = Main.storyboard;
			sourceTree = "<group>";
		};
		FA39376C1B51311600DCCDF1 /* LaunchScreen.xib */ = {
			isa = PBXVariantGroup;
			children = (
				FA39376D1B51311600DCCDF1 /* Base */,
			);
			name = LaunchScreen.xib;
			sourceTree = "<group>";
		};
/* End PBXVariantGroup section */

/* Begin XCBuildConfiguration section */
		FA39377B1B51311600DCCDF1 /* Debug */ = {
			isa = XCBuildConfiguration;
			buildSettings = {
				ALWAYS_SEARCH_USER_PATHS = NO;
				CLANG_CXX_LANGUAGE_STANDARD = "gnu++0x";
				CLANG_CXX_LIBRARY = "libc++";
				CLANG_ENABLE_MODULES = YES;
				CLANG_ENABLE_OBJC_ARC = YES;
				CLANG_WARN_BOOL_CONVERSION = YES;
				CLANG_WARN_CONSTANT_CONVERSION = YES;
				CLANG_WARN_DIRECT_OBJC_ISA_USAGE = YES_ERROR;
				CLANG_WARN_EMPTY_BODY = YES;
				CLANG_WARN_ENUM_CONVERSION = YES;
				CLANG_WARN_INT_CONVERSION = YES;
				CLANG_WARN_OBJC_ROOT_CLASS = YES_ERROR;
				CLANG_WARN_UNREACHABLE_CODE = YES;
				CLANG_WARN__DUPLICATE_METHOD_MATCH = YES;
				"CODE_SIGN_IDENTITY[sdk=iphoneos*]" = "iPhone Developer";
				COPY_PHASE_STRIP = NO;
				DEBUG_INFORMATION_FORMAT = "dwarf-with-dsym";
				ENABLE_STRICT_OBJC_MSGSEND = YES;
				GCC_C_LANGUAGE_STANDARD = gnu99;
				GCC_DYNAMIC_NO_PIC = NO;
				GCC_NO_COMMON_BLOCKS = YES;
				GCC_OPTIMIZATION_LEVEL = 0;
				GCC_PREPROCESSOR_DEFINITIONS = (
					"DEBUG=1",
					"$(inherited)",
				);
				GCC_SYMBOLS_PRIVATE_EXTERN = NO;
				GCC_WARN_64_TO_32_BIT_CONVERSION = YES;
				GCC_WARN_ABOUT_RETURN_TYPE = YES_ERROR;
				GCC_WARN_UNDECLARED_SELECTOR = YES;
				GCC_WARN_UNINITIALIZED_AUTOS = YES_AGGRESSIVE;
				GCC_WARN_UNUSED_FUNCTION = YES;
				GCC_WARN_UNUSED_VARIABLE = YES;
				IPHONEOS_DEPLOYMENT_TARGET = 8.4;
				MTL_ENABLE_DEBUG_INFO = YES;
				ONLY_ACTIVE_ARCH = YES;
				SDKROOT = iphoneos;
				SWIFT_OPTIMIZATION_LEVEL = "-Onone";
				TARGETED_DEVICE_FAMILY = "1,2";
			};
			name = Debug;
		};
		FA39377C1B51311600DCCDF1 /* Release */ = {
			isa = XCBuildConfiguration;
			buildSettings = {
				ALWAYS_SEARCH_USER_PATHS = NO;
				CLANG_CXX_LANGUAGE_STANDARD = "gnu++0x";
				CLANG_CXX_LIBRARY = "libc++";
				CLANG_ENABLE_MODULES = YES;
				CLANG_ENABLE_OBJC_ARC = YES;
				CLANG_WARN_BOOL_CONVERSION = YES;
				CLANG_WARN_CONSTANT_CONVERSION = YES;
				CLANG_WARN_DIRECT_OBJC_ISA_USAGE = YES_ERROR;
				CLANG_WARN_EMPTY_BODY = YES;
				CLANG_WARN_ENUM_CONVERSION = YES;
				CLANG_WARN_INT_CONVERSION = YES;
				CLANG_WARN_OBJC_ROOT_CLASS = YES_ERROR;
				CLANG_WARN_UNREACHABLE_CODE = YES;
				CLANG_WARN__DUPLICATE_METHOD_MATCH = YES;
				"CODE_SIGN_IDENTITY[sdk=iphoneos*]" = "iPhone Developer";
				COPY_PHASE_STRIP = NO;
				DEBUG_INFORMATION_FORMAT = "dwarf-with-dsym";
				ENABLE_NS_ASSERTIONS = NO;
				ENABLE_STRICT_OBJC_MSGSEND = YES;
				GCC_C_LANGUAGE_STANDARD = gnu99;
				GCC_NO_COMMON_BLOCKS = YES;
				GCC_WARN_64_TO_32_BIT_CONVERSION = YES;
				GCC_WARN_ABOUT_RETURN_TYPE = YES_ERROR;
				GCC_WARN_UNDECLARED_SELECTOR = YES;
				GCC_WARN_UNINITIALIZED_AUTOS = YES_AGGRESSIVE;
				GCC_WARN_UNUSED_FUNCTION = YES;
				GCC_WARN_UNUSED_VARIABLE = YES;
				IPHONEOS_DEPLOYMENT_TARGET = 8.4;
				MTL_ENABLE_DEBUG_INFO = NO;
				SDKROOT = iphoneos;
				TARGETED_DEVICE_FAMILY = "1,2";
				VALIDATE_PRODUCT = YES;
			};
			name = Release;
		};
		FA39377E1B51311600DCCDF1 /* Debug */ = {
			isa = XCBuildConfiguration;
			buildSettings = {
				ASSETCATALOG_COMPILER_APPICON_NAME = AppIcon;
				CLANG_ENABLE_MODULES = YES;
				HEADER_SEARCH_PATHS = (
					"$(inherited)",
					/Applications/Xcode.app/Contents/Developer/Toolchains/XcodeDefault.xctoolchain/usr/include,
					"\"${J2OBJC_HOME}/include\"",
					"\"${DERIVED_FILES_DIR}\"",
				);
				INFOPLIST_FILE = iosApp/Info.plist;
				J2OBJC_HOME = /Users/alex/dev/bin/j2objc;
				LD_RUNPATH_SEARCH_PATHS = "$(inherited) @executable_path/Frameworks";
				LIBRARY_SEARCH_PATHS = "${J2OBJC_HOME}/lib";
				OTHER_LDFLAGS = "-ljre_emul";
				PRODUCT_NAME = "$(TARGET_NAME)";
				SWIFT_OBJC_BRIDGING_HEADER = "iosApp/iosApp-Bridging-Header.h";
				SWIFT_OPTIMIZATION_LEVEL = "-Onone";
			};
			name = Debug;
		};
		FA39377F1B51311600DCCDF1 /* Release */ = {
			isa = XCBuildConfiguration;
			buildSettings = {
				ASSETCATALOG_COMPILER_APPICON_NAME = AppIcon;
				CLANG_ENABLE_MODULES = YES;
				HEADER_SEARCH_PATHS = (
					"$(inherited)",
					/Applications/Xcode.app/Contents/Developer/Toolchains/XcodeDefault.xctoolchain/usr/include,
					"\"${J2OBJC_HOME}/include\"",
					"\"${DERIVED_FILES_DIR}\"",
				);
				INFOPLIST_FILE = iosApp/Info.plist;
				J2OBJC_HOME = /Users/alex/dev/bin/j2objc;
				LD_RUNPATH_SEARCH_PATHS = "$(inherited) @executable_path/Frameworks";
				LIBRARY_SEARCH_PATHS = "${J2OBJC_HOME}/lib";
				OTHER_LDFLAGS = "-ljre_emul";
				PRODUCT_NAME = "$(TARGET_NAME)";
				SWIFT_OBJC_BRIDGING_HEADER = "iosApp/iosApp-Bridging-Header.h";
			};
			name = Release;
		};
		FA3937811B51311600DCCDF1 /* Debug */ = {
			isa = XCBuildConfiguration;
			buildSettings = {
				BUNDLE_LOADER = "$(TEST_HOST)";
				FRAMEWORK_SEARCH_PATHS = (
					"$(SDKROOT)/Developer/Library/Frameworks",
					"$(inherited)",
				);
				GCC_PREPROCESSOR_DEFINITIONS = (
					"DEBUG=1",
					"$(inherited)",
				);
				INFOPLIST_FILE = iosAppTests/Info.plist;
				LD_RUNPATH_SEARCH_PATHS = "$(inherited) @executable_path/Frameworks @loader_path/Frameworks";
				PRODUCT_NAME = "$(TARGET_NAME)";
				TEST_HOST = "$(BUILT_PRODUCTS_DIR)/iosApp.app/iosApp";
			};
			name = Debug;
		};
		FA3937821B51311600DCCDF1 /* Release */ = {
			isa = XCBuildConfiguration;
			buildSettings = {
				BUNDLE_LOADER = "$(TEST_HOST)";
				FRAMEWORK_SEARCH_PATHS = (
					"$(SDKROOT)/Developer/Library/Frameworks",
					"$(inherited)",
				);
				INFOPLIST_FILE = iosAppTests/Info.plist;
				LD_RUNPATH_SEARCH_PATHS = "$(inherited) @executable_path/Frameworks @loader_path/Frameworks";
				PRODUCT_NAME = "$(TARGET_NAME)";
				TEST_HOST = "$(BUILT_PRODUCTS_DIR)/iosApp.app/iosApp";
			};
			name = Release;
		};
/* End XCBuildConfiguration section */

/* Begin XCConfigurationList section */
		FA3937571B51311600DCCDF1 /* Build configuration list for PBXProject "iosApp" */ = {
			isa = XCConfigurationList;
			buildConfigurations = (
				FA39377B1B51311600DCCDF1 /* Debug */,
				FA39377C1B51311600DCCDF1 /* Release */,
			);
			defaultConfigurationIsVisible = 0;
			defaultConfigurationName = Release;
		};
		FA39377D1B51311600DCCDF1 /* Build configuration list for PBXNativeTarget "iosApp" */ = {
			isa = XCConfigurationList;
			buildConfigurations = (
				FA39377E1B51311600DCCDF1 /* Debug */,
				FA39377F1B51311600DCCDF1 /* Release */,
			);
			defaultConfigurationIsVisible = 0;
			defaultConfigurationName = Release;
		};
		FA3937801B51311600DCCDF1 /* Build configuration list for PBXNativeTarget "iosAppTests" */ = {
			isa = XCConfigurationList;
			buildConfigurations = (
				FA3937811B51311600DCCDF1 /* Debug */,
				FA3937821B51311600DCCDF1 /* Release */,
			);
			defaultConfigurationIsVisible = 0;
			defaultConfigurationName = Release;
		};
/* End XCConfigurationList section */
	};
	rootObject = FA3937541B51311600DCCDF1 /* Project object */;
}
